
Microsoft Visual Studio Solution File, Format Version 12.00
# Visual Studio Version 16
VisualStudioVersion = 16.0.30907.101
MinimumVisualStudioVersion = 10.0.40219.1
Project("{FAE04EC0-301F-11D3-BF4B-00C04F79EFBC}") = "Growth of a Population", "Growth of a Population\Growth of a Population.csproj", "{54B3F179-780E-407E-890C-974B2EF42B90}"
EndProject
Global
	GlobalSection(SolutionConfigurationPlatforms) = preSolution
		Debug|Any CPU = Debug|Any CPU
		Release|Any CPU = Release|Any CPU
	EndGlobalSection
	GlobalSection(ProjectConfigurationPlatforms) = postSolution
		{54B3F179-780E-407E-890C-974B2EF42B90}.Debug|Any CPU.ActiveCfg = Debug|Any CPU
		{54B3F179-780E-407E-890C-974B2EF42B90}.Debug|Any CPU.Build.0 = Debug|Any CPU
		{54B3F179-780E-407E-890C-974B2EF42B90}.Release|Any CPU.ActiveCfg = Release|Any CPU
		{54B3F179-780E-407E-890C-974B2EF42B90}.Release|Any CPU.Build.0 = Release|Any CPU
	EndGlobalSection
	GlobalSection(SolutionProperties) = preSolution
		HideSolutionNode = FALSE
	EndGlobalSection
	GlobalSection(ExtensibilityGlobals) = postSolution
		SolutionGuid = {916DDDDD-E807-4939-8899-23C184E50949}
	EndGlobalSection
EndGlobal
