
Microsoft Visual Studio Solution File, Format Version 12.00
# Visual Studio Version 16
VisualStudioVersion = 16.0.30907.101
MinimumVisualStudioVersion = 10.0.40219.1
Project("{FAE04EC0-301F-11D3-BF4B-00C04F79EFBC}") = "BuildPileCubes", "BuildPileCubes\BuildPileCubes.csproj", "{ABA43285-CCDB-4203-B668-562D7C819E37}"
EndProject
Global
	GlobalSection(SolutionConfigurationPlatforms) = preSolution
		Debug|Any CPU = Debug|Any CPU
		Release|Any CPU = Release|Any CPU
	EndGlobalSection
	GlobalSection(ProjectConfigurationPlatforms) = postSolution
		{ABA43285-CCDB-4203-B668-562D7C819E37}.Debug|Any CPU.ActiveCfg = Debug|Any CPU
		{ABA43285-CCDB-4203-B668-562D7C819E37}.Debug|Any CPU.Build.0 = Debug|Any CPU
		{ABA43285-CCDB-4203-B668-562D7C819E37}.Release|Any CPU.ActiveCfg = Release|Any CPU
		{ABA43285-CCDB-4203-B668-562D7C819E37}.Release|Any CPU.Build.0 = Release|Any CPU
	EndGlobalSection
	GlobalSection(SolutionProperties) = preSolution
		HideSolutionNode = FALSE
	EndGlobalSection
	GlobalSection(ExtensibilityGlobals) = postSolution
		SolutionGuid = {C25BDC3A-BC93-4DB4-8EC3-B549833B81F2}
	EndGlobalSection
EndGlobal
